# This file was autogenerated by Stack.
# You should not edit this file by hand.
# For more information, please see the documentation at:
#   https://docs.haskellstack.org/en/stable/lock_files

packages:
- completed:
    hackage: persistent-mongoDB-2.10.0.0@sha256:c95f893e674ec1521e865cb1c7932b7055271fb3e248a086e3671ab5724fcbe4,2842
    pantry-tree:
      size: 593
      sha256: 3bba1c6ccc991b28e98680a485a173b45f8ef59e64b9f3d22d89266fb14ed6cb
  original:
    hackage: persistent-mongoDB-2.10.0.0@sha256:c95f893e674ec1521e865cb1c7932b7055271fb3e248a086e3671ab5724fcbe4,2842
- completed:
    hackage: hindent-5.3.1@sha256:23dc3d423820a1de4a11f54eb87992f2c9fa1b686b2230bb06d1af46edc85c4b,3452
    pantry-tree:
      size: 1027
      sha256: 29ea7cff1847793ca6249158ad919f4bb7095e59067f9750f4ce7051496e03d0
  original:
    hackage: hindent-5.3.1@sha256:23dc3d423820a1de4a11f54eb87992f2c9fa1b686b2230bb06d1af46edc85c4b,3452
snapshots:
- completed:
    size: 532383
    url: https://raw.githubusercontent.com/commercialhaskell/stackage-snapshots/master/lts/16/10.yaml
    sha256: 469d781ab6d2a4eceed6b31b6e4ec842dcd3cd1d11577972e86902603dce24df
  original: lts-16.10
